
Microsoft Visual Studio Solution File, Format Version 12.00
# Visual Studio 15
VisualStudioVersion = 15.0.27004.2009
MinimumVisualStudioVersion = 10.0.40219.1
Project("{FAE04EC0-301F-11D3-BF4B-00C04F79EFBC}") = "ConsoleApp2", "ConsoleApp2\ConsoleApp2.csproj", "{900360E1-2468-4F94-89B5-370FA481D79D}"
EndProject
Global
	GlobalSection(SolutionConfigurationPlatforms) = preSolution
		Debug|Any CPU = Debug|Any CPU
		Release|Any CPU = Release|Any CPU
	EndGlobalSection
	GlobalSection(ProjectConfigurationPlatforms) = postSolution
		{900360E1-2468-4F94-89B5-370FA481D79D}.Debug|Any CPU.ActiveCfg = Debug|Any CPU
		{900360E1-2468-4F94-89B5-370FA481D79D}.Debug|Any CPU.Build.0 = Debug|Any CPU
		{900360E1-2468-4F94-89B5-370FA481D79D}.Release|Any CPU.ActiveCfg = Release|Any CPU
		{900360E1-2468-4F94-89B5-370FA481D79D}.Release|Any CPU.Build.0 = Release|Any CPU
	EndGlobalSection
	GlobalSection(SolutionProperties) = preSolution
		HideSolutionNode = FALSE
	EndGlobalSection
	GlobalSection(ExtensibilityGlobals) = postSolution
		SolutionGuid = {97C0A50F-D739-43DB-A080-4B1F987B1423}
	EndGlobalSection
EndGlobal
